
Microsoft Visual Studio Solution File, Format Version 12.00
# Visual Studio Version 16
VisualStudioVersion = 16.0.29215.179
MinimumVisualStudioVersion = 10.0.40219.1
Project("{FAE04EC0-301F-11D3-BF4B-00C04F79EFBC}") = "Festispec.WebApplication", "Festispec.WebApplication\Festispec.WebApplication.csproj", "{1E84009F-12DD-43DA-B4B6-FB95681693DE}"
EndProject
Global
	GlobalSection(SolutionConfigurationPlatforms) = preSolution
		Debug|Any CPU = Debug|Any CPU
		Release|Any CPU = Release|Any CPU
	EndGlobalSection
	GlobalSection(ProjectConfigurationPlatforms) = postSolution
		{1E84009F-12DD-43DA-B4B6-FB95681693DE}.Debug|Any CPU.ActiveCfg = Debug|Any CPU
		{1E84009F-12DD-43DA-B4B6-FB95681693DE}.Debug|Any CPU.Build.0 = Debug|Any CPU
		{1E84009F-12DD-43DA-B4B6-FB95681693DE}.Release|Any CPU.ActiveCfg = Release|Any CPU
		{1E84009F-12DD-43DA-B4B6-FB95681693DE}.Release|Any CPU.Build.0 = Release|Any CPU
	EndGlobalSection
	GlobalSection(SolutionProperties) = preSolution
		HideSolutionNode = FALSE
	EndGlobalSection
	GlobalSection(ExtensibilityGlobals) = postSolution
		SolutionGuid = {239EEAC5-821A-43D6-B6D7-EB99A7F3A90C}
	EndGlobalSection
EndGlobal
